// !$*UTF8*$!
{
	archiveVersion = 1;
	classes = {
	};
	objectVersion = 56;
	objects = {

/* Begin PBXBuildFile section */
		BF3FF1262B19B1DC009D75F8 /* Balenciaga_Defender.usdz in Resources */ = {isa = PBXBuildFile; fileRef = BF3FF1252B19B1DC009D75F8 /* Balenciaga_Defender.usdz */; };
		BF3FF1282B19C395009D75F8 /* ContentView.swift in Sources */ = {isa = PBXBuildFile; fileRef = BF3FF1272B19C395009D75F8 /* ContentView.swift */; };
		BF3FF13A2B1AEE51009D75F8 /* VideoGenerator.swift in Sources */ = {isa = PBXBuildFile; fileRef = BF3FF1312B1AEE51009D75F8 /* VideoGenerator.swift */; };
		BF3FF13B2B1AEE51009D75F8 /* AVAssetExtension.swift in Sources */ = {isa = PBXBuildFile; fileRef = BF3FF1332B1AEE51009D75F8 /* AVAssetExtension.swift */; };
		BF3FF13C2B1AEE51009D75F8 /* ImageExtension.swift in Sources */ = {isa = PBXBuildFile; fileRef = BF3FF1342B1AEE51009D75F8 /* ImageExtension.swift */; };
		BF3FF13D2B1AEE51009D75F8 /* VideoGeneratorError.swift in Sources */ = {isa = PBXBuildFile; fileRef = BF3FF1362B1AEE51009D75F8 /* VideoGeneratorError.swift */; };
		BF4731E82ABAE334001C99D0 /* _ContentView.swift in Sources */ = {isa = PBXBuildFile; fileRef = BF4731E72ABAE334001C99D0 /* _ContentView.swift */; };
		BF81C9A32ABA9656007AE434 /* noexistApp.swift in Sources */ = {isa = PBXBuildFile; fileRef = BF81C9A22ABA9656007AE434 /* noexistApp.swift */; };
		BF81C9A72ABA9657007AE434 /* Assets.xcassets in Resources */ = {isa = PBXBuildFile; fileRef = BF81C9A62ABA9657007AE434 /* Assets.xcassets */; };
		BF81C9AA2ABA9657007AE434 /* Preview Assets.xcassets in Resources */ = {isa = PBXBuildFile; fileRef = BF81C9A92ABA9657007AE434 /* Preview Assets.xcassets */; };
		BF81C9B42ABA9657007AE434 /* noexistTests.swift in Sources */ = {isa = PBXBuildFile; fileRef = BF81C9B32ABA9657007AE434 /* noexistTests.swift */; };
		BF81C9BE2ABA9657007AE434 /* noexistUITests.swift in Sources */ = {isa = PBXBuildFile; fileRef = BF81C9BD2ABA9657007AE434 /* noexistUITests.swift */; };
		BF81C9C02ABA9657007AE434 /* noexistUITestsLaunchTests.swift in Sources */ = {isa = PBXBuildFile; fileRef = BF81C9BF2ABA9657007AE434 /* noexistUITestsLaunchTests.swift */; };
/* End PBXBuildFile section */

/* Begin PBXContainerItemProxy section */
		BF81C9B02ABA9657007AE434 /* PBXContainerItemProxy */ = {
			isa = PBXContainerItemProxy;
			containerPortal = BF81C9972ABA9656007AE434 /* Project object */;
			proxyType = 1;
			remoteGlobalIDString = BF81C99E2ABA9656007AE434;
			remoteInfo = noexist;
		};
		BF81C9BA2ABA9657007AE434 /* PBXContainerItemProxy */ = {
			isa = PBXContainerItemProxy;
			containerPortal = BF81C9972ABA9656007AE434 /* Project object */;
			proxyType = 1;
			remoteGlobalIDString = BF81C99E2ABA9656007AE434;
			remoteInfo = noexist;
		};
/* End PBXContainerItemProxy section */

/* Begin PBXFileReference section */
		BF3FF1252B19B1DC009D75F8 /* Balenciaga_Defender.usdz */ = {isa = PBXFileReference; lastKnownFileType = file.usdz; path = Balenciaga_Defender.usdz; sourceTree = "<group>"; };
		BF3FF1272B19C395009D75F8 /* ContentView.swift */ = {isa = PBXFileReference; lastKnownFileType = sourcecode.swift; path = ContentView.swift; sourceTree = "<group>"; };
		BF3FF1312B1AEE51009D75F8 /* VideoGenerator.swift */ = {isa = PBXFileReference; fileEncoding = 4; lastKnownFileType = sourcecode.swift; path = VideoGenerator.swift; sourceTree = "<group>"; };
		BF3FF1332B1AEE51009D75F8 /* AVAssetExtension.swift */ = {isa = PBXFileReference; fileEncoding = 4; lastKnownFileType = sourcecode.swift; path = AVAssetExtension.swift; sourceTree = "<group>"; };
		BF3FF1342B1AEE51009D75F8 /* ImageExtension.swift */ = {isa = PBXFileReference; fileEncoding = 4; lastKnownFileType = sourcecode.swift; path = ImageExtension.swift; sourceTree = "<group>"; };
		BF3FF1362B1AEE51009D75F8 /* VideoGeneratorError.swift */ = {isa = PBXFileReference; fileEncoding = 4; lastKnownFileType = sourcecode.swift; path = VideoGeneratorError.swift; sourceTree = "<group>"; };
		BF4731E72ABAE334001C99D0 /* _ContentView.swift */ = {isa = PBXFileReference; lastKnownFileType = sourcecode.swift; path = _ContentView.swift; sourceTree = "<group>"; };
		BF81C99F2ABA9656007AE434 /* noexist.app */ = {isa = PBXFileReference; explicitFileType = wrapper.application; includeInIndex = 0; path = noexist.app; sourceTree = BUILT_PRODUCTS_DIR; };
		BF81C9A22ABA9656007AE434 /* noexistApp.swift */ = {isa = PBXFileReference; lastKnownFileType = sourcecode.swift; path = noexistApp.swift; sourceTree = "<group>"; };
		BF81C9A62ABA9657007AE434 /* Assets.xcassets */ = {isa = PBXFileReference; lastKnownFileType = folder.assetcatalog; path = Assets.xcassets; sourceTree = "<group>"; };
		BF81C9A92ABA9657007AE434 /* Preview Assets.xcassets */ = {isa = PBXFileReference; lastKnownFileType = folder.assetcatalog; path = "Preview Assets.xcassets"; sourceTree = "<group>"; };
		BF81C9AF2ABA9657007AE434 /* noexistTests.xctest */ = {isa = PBXFileReference; explicitFileType = wrapper.cfbundle; includeInIndex = 0; path = noexistTests.xctest; sourceTree = BUILT_PRODUCTS_DIR; };
		BF81C9B32ABA9657007AE434 /* noexistTests.swift */ = {isa = PBXFileReference; lastKnownFileType = sourcecode.swift; path = noexistTests.swift; sourceTree = "<group>"; };
		BF81C9B92ABA9657007AE434 /* noexistUITests.xctest */ = {isa = PBXFileReference; explicitFileType = wrapper.cfbundle; includeInIndex = 0; path = noexistUITests.xctest; sourceTree = BUILT_PRODUCTS_DIR; };
		BF81C9BD2ABA9657007AE434 /* noexistUITests.swift */ = {isa = PBXFileReference; lastKnownFileType = sourcecode.swift; path = noexistUITests.swift; sourceTree = "<group>"; };
		BF81C9BF2ABA9657007AE434 /* noexistUITestsLaunchTests.swift */ = {isa = PBXFileReference; lastKnownFileType = sourcecode.swift; path = noexistUITestsLaunchTests.swift; sourceTree = "<group>"; };
/* End PBXFileReference section */

/* Begin PBXFrameworksBuildPhase section */
		BF81C99C2ABA9656007AE434 /* Frameworks */ = {
			isa = PBXFrameworksBuildPhase;
			buildActionMask = 2147483647;
			files = (
			);
			runOnlyForDeploymentPostprocessing = 0;
		};
		BF81C9AC2ABA9657007AE434 /* Frameworks */ = {
			isa = PBXFrameworksBuildPhase;
			buildActionMask = 2147483647;
			files = (
			);
			runOnlyForDeploymentPostprocessing = 0;
		};
		BF81C9B62ABA9657007AE434 /* Frameworks */ = {
			isa = PBXFrameworksBuildPhase;
			buildActionMask = 2147483647;
			files = (
			);
			runOnlyForDeploymentPostprocessing = 0;
		};
/* End PBXFrameworksBuildPhase section */

/* Begin PBXGroup section */
		BF3FF12E2B1AEE51009D75F8 /* SwiftVideoGenerator */ = {
			isa = PBXGroup;
			children = (
				BF3FF12F2B1AEE51009D75F8 /* Classes */,
			);
			path = SwiftVideoGenerator;
			sourceTree = "<group>";
		};
		BF3FF12F2B1AEE51009D75F8 /* Classes */ = {
			isa = PBXGroup;
			children = (
				BF3FF1312B1AEE51009D75F8 /* VideoGenerator.swift */,
				BF3FF1322B1AEE51009D75F8 /* Extensions */,
				BF3FF1352B1AEE51009D75F8 /* Error */,
			);
			path = Classes;
			sourceTree = "<group>";
		};
		BF3FF1322B1AEE51009D75F8 /* Extensions */ = {
			isa = PBXGroup;
			children = (
				BF3FF1332B1AEE51009D75F8 /* AVAssetExtension.swift */,
				BF3FF1342B1AEE51009D75F8 /* ImageExtension.swift */,
			);
			path = Extensions;
			sourceTree = "<group>";
		};
		BF3FF1352B1AEE51009D75F8 /* Error */ = {
			isa = PBXGroup;
			children = (
				BF3FF1362B1AEE51009D75F8 /* VideoGeneratorError.swift */,
			);
			path = Error;
			sourceTree = "<group>";
		};
		BF81C9962ABA9656007AE434 = {
			isa = PBXGroup;
			children = (
				BF81C9A12ABA9656007AE434 /* noexist */,
				BF81C9B22ABA9657007AE434 /* noexistTests */,
				BF81C9BC2ABA9657007AE434 /* noexistUITests */,
				BF81C9A02ABA9656007AE434 /* Products */,
			);
			sourceTree = "<group>";
		};
		BF81C9A02ABA9656007AE434 /* Products */ = {
			isa = PBXGroup;
			children = (
				BF81C99F2ABA9656007AE434 /* noexist.app */,
				BF81C9AF2ABA9657007AE434 /* noexistTests.xctest */,
				BF81C9B92ABA9657007AE434 /* noexistUITests.xctest */,
			);
			name = Products;
			sourceTree = "<group>";
		};
		BF81C9A12ABA9656007AE434 /* noexist */ = {
			isa = PBXGroup;
			children = (
				BF3FF12E2B1AEE51009D75F8 /* SwiftVideoGenerator */,
				BF81C9A22ABA9656007AE434 /* noexistApp.swift */,
				BF4731E72ABAE334001C99D0 /* _ContentView.swift */,
				BF3FF1272B19C395009D75F8 /* ContentView.swift */,
				BF3FF1252B19B1DC009D75F8 /* Balenciaga_Defender.usdz */,
				BF81C9A62ABA9657007AE434 /* Assets.xcassets */,
				BF81C9A82ABA9657007AE434 /* Preview Content */,
			);
			path = noexist;
			sourceTree = "<group>";
		};
		BF81C9A82ABA9657007AE434 /* Preview Content */ = {
			isa = PBXGroup;
			children = (
				BF81C9A92ABA9657007AE434 /* Preview Assets.xcassets */,
			);
			path = "Preview Content";
			sourceTree = "<group>";
		};
		BF81C9B22ABA9657007AE434 /* noexistTests */ = {
			isa = PBXGroup;
			children = (
				BF81C9B32ABA9657007AE434 /* noexistTests.swift */,
			);
			path = noexistTests;
			sourceTree = "<group>";
		};
		BF81C9BC2ABA9657007AE434 /* noexistUITests */ = {
			isa = PBXGroup;
			children = (
				BF81C9BD2ABA9657007AE434 /* noexistUITests.swift */,
				BF81C9BF2ABA9657007AE434 /* noexistUITestsLaunchTests.swift */,
			);
			path = noexistUITests;
			sourceTree = "<group>";
		};
/* End PBXGroup section */

/* Begin PBXNativeTarget section */
		BF81C99E2ABA9656007AE434 /* noexist */ = {
			isa = PBXNativeTarget;
			buildConfigurationList = BF81C9C32ABA9657007AE434 /* Build configuration list for PBXNativeTarget "noexist" */;
			buildPhases = (
				BF81C99B2ABA9656007AE434 /* Sources */,
				BF81C99C2ABA9656007AE434 /* Frameworks */,
				BF81C99D2ABA9656007AE434 /* Resources */,
			);
			buildRules = (
			);
			dependencies = (
			);
			name = noexist;
			packageProductDependencies = (
			);
			productName = noexist;
			productReference = BF81C99F2ABA9656007AE434 /* noexist.app */;
			productType = "com.apple.product-type.application";
		};
		BF81C9AE2ABA9657007AE434 /* noexistTests */ = {
			isa = PBXNativeTarget;
			buildConfigurationList = BF81C9C62ABA9657007AE434 /* Build configuration list for PBXNativeTarget "noexistTests" */;
			buildPhases = (
				BF81C9AB2ABA9657007AE434 /* Sources */,
				BF81C9AC2ABA9657007AE434 /* Frameworks */,
				BF81C9AD2ABA9657007AE434 /* Resources */,
			);
			buildRules = (
			);
			dependencies = (
				BF81C9B12ABA9657007AE434 /* PBXTargetDependency */,
			);
			name = noexistTests;
			productName = noexistTests;
			productReference = BF81C9AF2ABA9657007AE434 /* noexistTests.xctest */;
			productType = "com.apple.product-type.bundle.unit-test";
		};
		BF81C9B82ABA9657007AE434 /* noexistUITests */ = {
			isa = PBXNativeTarget;
			buildConfigurationList = BF81C9C92ABA9657007AE434 /* Build configuration list for PBXNativeTarget "noexistUITests" */;
			buildPhases = (
				BF81C9B52ABA9657007AE434 /* Sources */,
				BF81C9B62ABA9657007AE434 /* Frameworks */,
				BF81C9B72ABA9657007AE434 /* Resources */,
			);
			buildRules = (
			);
			dependencies = (
				BF81C9BB2ABA9657007AE434 /* PBXTargetDependency */,
			);
			name = noexistUITests;
			productName = noexistUITests;
			productReference = BF81C9B92ABA9657007AE434 /* noexistUITests.xctest */;
			productType = "com.apple.product-type.bundle.ui-testing";
		};
/* End PBXNativeTarget section */

/* Begin PBXProject section */
		BF81C9972ABA9656007AE434 /* Project object */ = {
			isa = PBXProject;
			attributes = {
				BuildIndependentTargetsInParallel = 1;
				LastSwiftUpdateCheck = 1500;
				LastUpgradeCheck = 1500;
				TargetAttributes = {
					BF81C99E2ABA9656007AE434 = {
						CreatedOnToolsVersion = 15.0;
					};
					BF81C9AE2ABA9657007AE434 = {
						CreatedOnToolsVersion = 15.0;
						TestTargetID = BF81C99E2ABA9656007AE434;
					};
					BF81C9B82ABA9657007AE434 = {
						CreatedOnToolsVersion = 15.0;
						TestTargetID = BF81C99E2ABA9656007AE434;
					};
				};
			};
			buildConfigurationList = BF81C99A2ABA9656007AE434 /* Build configuration list for PBXProject "noexist" */;
			compatibilityVersion = "Xcode 14.0";
			developmentRegion = en;
			hasScannedForEncodings = 0;
			knownRegions = (
				en,
				Base,
			);
			mainGroup = BF81C9962ABA9656007AE434;
			packageReferences = (
			);
			productRefGroup = BF81C9A02ABA9656007AE434 /* Products */;
			projectDirPath = "";
			projectRoot = "";
			targets = (
				BF81C99E2ABA9656007AE434 /* noexist */,
				BF81C9AE2ABA9657007AE434 /* noexistTests */,
				BF81C9B82ABA9657007AE434 /* noexistUITests */,
			);
		};
/* End PBXProject section */

/* Begin PBXResourcesBuildPhase section */
		BF81C99D2ABA9656007AE434 /* Resources */ = {
			isa = PBXResourcesBuildPhase;
			buildActionMask = 2147483647;
			files = (
				BF81C9AA2ABA9657007AE434 /* Preview Assets.xcassets in Resources */,
				BF3FF1262B19B1DC009D75F8 /* Balenciaga_Defender.usdz in Resources */,
				BF81C9A72ABA9657007AE434 /* Assets.xcassets in Resources */,
			);
			runOnlyForDeploymentPostprocessing = 0;
		};
		BF81C9AD2ABA9657007AE434 /* Resources */ = {
			isa = PBXResourcesBuildPhase;
			buildActionMask = 2147483647;
			files = (
			);
			runOnlyForDeploymentPostprocessing = 0;
		};
		BF81C9B72ABA9657007AE434 /* Resources */ = {
			isa = PBXResourcesBuildPhase;
			buildActionMask = 2147483647;
			files = (
			);
			runOnlyForDeploymentPostprocessing = 0;
		};
/* End PBXResourcesBuildPhase section */

/* Begin PBXSourcesBuildPhase section */
		BF81C99B2ABA9656007AE434 /* Sources */ = {
			isa = PBXSourcesBuildPhase;
			buildActionMask = 2147483647;
			files = (
				BF3FF1282B19C395009D75F8 /* ContentView.swift in Sources */,
				BF3FF13C2B1AEE51009D75F8 /* ImageExtension.swift in Sources */,
				BF3FF13A2B1AEE51009D75F8 /* VideoGenerator.swift in Sources */,
				BF81C9A32ABA9656007AE434 /* noexistApp.swift in Sources */,
				BF3FF13B2B1AEE51009D75F8 /* AVAssetExtension.swift in Sources */,
				BF3FF13D2B1AEE51009D75F8 /* VideoGeneratorError.swift in Sources */,
				BF4731E82ABAE334001C99D0 /* _ContentView.swift in Sources */,
			);
			runOnlyForDeploymentPostprocessing = 0;
		};
		BF81C9AB2ABA9657007AE434 /* Sources */ = {
			isa = PBXSourcesBuildPhase;
			buildActionMask = 2147483647;
			files = (
				BF81C9B42ABA9657007AE434 /* noexistTests.swift in Sources */,
			);
			runOnlyForDeploymentPostprocessing = 0;
		};
		BF81C9B52ABA9657007AE434 /* Sources */ = {
			isa = PBXSourcesBuildPhase;
			buildActionMask = 2147483647;
			files = (
				BF81C9BE2ABA9657007AE434 /* noexistUITests.swift in Sources */,
				BF81C9C02ABA9657007AE434 /* noexistUITestsLaunchTests.swift in Sources */,
			);
			runOnlyForDeploymentPostprocessing = 0;
		};
/* End PBXSourcesBuildPhase section */

/* Begin PBXTargetDependency section */
		BF81C9B12ABA9657007AE434 /* PBXTargetDependency */ = {
			isa = PBXTargetDependency;
			target = BF81C99E2ABA9656007AE434 /* noexist */;
			targetProxy = BF81C9B02ABA9657007AE434 /* PBXContainerItemProxy */;
		};
		BF81C9BB2ABA9657007AE434 /* PBXTargetDependency */ = {
			isa = PBXTargetDependency;
			target = BF81C99E2ABA9656007AE434 /* noexist */;
			targetProxy = BF81C9BA2ABA9657007AE434 /* PBXContainerItemProxy */;
		};
/* End PBXTargetDependency section */

/* Begin XCBuildConfiguration section */
		BF81C9C12ABA9657007AE434 /* Debug */ = {
			isa = XCBuildConfiguration;
			buildSettings = {
				ALWAYS_SEARCH_USER_PATHS = NO;
				ASSETCATALOG_COMPILER_GENERATE_SWIFT_ASSET_SYMBOL_EXTENSIONS = YES;
				CLANG_ANALYZER_NONNULL = YES;
				CLANG_ANALYZER_NUMBER_OBJECT_CONVERSION = YES_AGGRESSIVE;
				CLANG_CXX_LANGUAGE_STANDARD = "gnu++20";
				CLANG_ENABLE_MODULES = YES;
				CLANG_ENABLE_OBJC_ARC = YES;
				CLANG_ENABLE_OBJC_WEAK = YES;
				CLANG_WARN_BLOCK_CAPTURE_AUTORELEASING = YES;
				CLANG_WARN_BOOL_CONVERSION = YES;
				CLANG_WARN_COMMA = YES;
				CLANG_WARN_CONSTANT_CONVERSION = YES;
				CLANG_WARN_DEPRECATED_OBJC_IMPLEMENTATIONS = YES;
				CLANG_WARN_DIRECT_OBJC_ISA_USAGE = YES_ERROR;
				CLANG_WARN_DOCUMENTATION_COMMENTS = YES;
				CLANG_WARN_EMPTY_BODY = YES;
				CLANG_WARN_ENUM_CONVERSION = YES;
				CLANG_WARN_INFINITE_RECURSION = YES;
				CLANG_WARN_INT_CONVERSION = YES;
				CLANG_WARN_NON_LITERAL_NULL_CONVERSION = YES;
				CLANG_WARN_OBJC_IMPLICIT_RETAIN_SELF = YES;
				CLANG_WARN_OBJC_LITERAL_CONVERSION = YES;
				CLANG_WARN_OBJC_ROOT_CLASS = YES_ERROR;
				CLANG_WARN_QUOTED_INCLUDE_IN_FRAMEWORK_HEADER = YES;
				CLANG_WARN_RANGE_LOOP_ANALYSIS = YES;
				CLANG_WARN_STRICT_PROTOTYPES = YES;
				CLANG_WARN_SUSPICIOUS_MOVE = YES;
				CLANG_WARN_UNGUARDED_AVAILABILITY = YES_AGGRESSIVE;
				CLANG_WARN_UNREACHABLE_CODE = YES;
				CLANG_WARN__DUPLICATE_METHOD_MATCH = YES;
				COPY_PHASE_STRIP = NO;
				DEBUG_INFORMATION_FORMAT = dwarf;
				ENABLE_STRICT_OBJC_MSGSEND = YES;
				ENABLE_TESTABILITY = YES;
				ENABLE_USER_SCRIPT_SANDBOXING = YES;
				GCC_C_LANGUAGE_STANDARD = gnu17;
				GCC_DYNAMIC_NO_PIC = NO;
				GCC_NO_COMMON_BLOCKS = YES;
				GCC_OPTIMIZATION_LEVEL = 0;
				GCC_PREPROCESSOR_DEFINITIONS = (
					"DEBUG=1",
					"$(inherited)",
				);
				GCC_WARN_64_TO_32_BIT_CONVERSION = YES;
				GCC_WARN_ABOUT_RETURN_TYPE = YES_ERROR;
				GCC_WARN_UNDECLARED_SELECTOR = YES;
				GCC_WARN_UNINITIALIZED_AUTOS = YES_AGGRESSIVE;
				GCC_WARN_UNUSED_FUNCTION = YES;
				GCC_WARN_UNUSED_VARIABLE = YES;
				IPHONEOS_DEPLOYMENT_TARGET = 17.0;
				LOCALIZATION_PREFERS_STRING_CATALOGS = YES;
				MTL_ENABLE_DEBUG_INFO = INCLUDE_SOURCE;
				MTL_FAST_MATH = YES;
				ONLY_ACTIVE_ARCH = YES;
				SDKROOT = iphoneos;
				SWIFT_ACTIVE_COMPILATION_CONDITIONS = "DEBUG $(inherited)";
				SWIFT_OPTIMIZATION_LEVEL = "-Onone";
			};
			name = Debug;
		};
		BF81C9C22ABA9657007AE434 /* Release */ = {
			isa = XCBuildConfiguration;
			buildSettings = {
				ALWAYS_SEARCH_USER_PATHS = NO;
				ASSETCATALOG_COMPILER_GENERATE_SWIFT_ASSET_SYMBOL_EXTENSIONS = YES;
				CLANG_ANALYZER_NONNULL = YES;
				CLANG_ANALYZER_NUMBER_OBJECT_CONVERSION = YES_AGGRESSIVE;
				CLANG_CXX_LANGUAGE_STANDARD = "gnu++20";
				CLANG_ENABLE_MODULES = YES;
				CLANG_ENABLE_OBJC_ARC = YES;
				CLANG_ENABLE_OBJC_WEAK = YES;
				CLANG_WARN_BLOCK_CAPTURE_AUTORELEASING = YES;
				CLANG_WARN_BOOL_CONVERSION = YES;
				CLANG_WARN_COMMA = YES;
				CLANG_WARN_CONSTANT_CONVERSION = YES;
				CLANG_WARN_DEPRECATED_OBJC_IMPLEMENTATIONS = YES;
				CLANG_WARN_DIRECT_OBJC_ISA_USAGE = YES_ERROR;
				CLANG_WARN_DOCUMENTATION_COMMENTS = YES;
				CLANG_WARN_EMPTY_BODY = YES;
				CLANG_WARN_ENUM_CONVERSION = YES;
				CLANG_WARN_INFINITE_RECURSION = YES;
				CLANG_WARN_INT_CONVERSION = YES;
				CLANG_WARN_NON_LITERAL_NULL_CONVERSION = YES;
				CLANG_WARN_OBJC_IMPLICIT_RETAIN_SELF = YES;
				CLANG_WARN_OBJC_LITERAL_CONVERSION = YES;
				CLANG_WARN_OBJC_ROOT_CLASS = YES_ERROR;
				CLANG_WARN_QUOTED_INCLUDE_IN_FRAMEWORK_HEADER = YES;
				CLANG_WARN_RANGE_LOOP_ANALYSIS = YES;
				CLANG_WARN_STRICT_PROTOTYPES = YES;
				CLANG_WARN_SUSPICIOUS_MOVE = YES;
				CLANG_WARN_UNGUARDED_AVAILABILITY = YES_AGGRESSIVE;
				CLANG_WARN_UNREACHABLE_CODE = YES;
				CLANG_WARN__DUPLICATE_METHOD_MATCH = YES;
				COPY_PHASE_STRIP = NO;
				DEBUG_INFORMATION_FORMAT = "dwarf-with-dsym";
				ENABLE_NS_ASSERTIONS = NO;
				ENABLE_STRICT_OBJC_MSGSEND = YES;
				ENABLE_USER_SCRIPT_SANDBOXING = YES;
				GCC_C_LANGUAGE_STANDARD = gnu17;
				GCC_NO_COMMON_BLOCKS = YES;
				GCC_WARN_64_TO_32_BIT_CONVERSION = YES;
				GCC_WARN_ABOUT_RETURN_TYPE = YES_ERROR;
				GCC_WARN_UNDECLARED_SELECTOR = YES;
				GCC_WARN_UNINITIALIZED_AUTOS = YES_AGGRESSIVE;
				GCC_WARN_UNUSED_FUNCTION = YES;
				GCC_WARN_UNUSED_VARIABLE = YES;
				IPHONEOS_DEPLOYMENT_TARGET = 17.0;
				LOCALIZATION_PREFERS_STRING_CATALOGS = YES;
				MTL_ENABLE_DEBUG_INFO = NO;
				MTL_FAST_MATH = YES;
				SDKROOT = iphoneos;
				SWIFT_COMPILATION_MODE = wholemodule;
				VALIDATE_PRODUCT = YES;
			};
			name = Release;
		};
		BF81C9C42ABA9657007AE434 /* Debug */ = {
			isa = XCBuildConfiguration;
			buildSettings = {
				ASSETCATALOG_COMPILER_APPICON_NAME = AppIcon;
				ASSETCATALOG_COMPILER_GLOBAL_ACCENT_COLOR_NAME = AccentColor;
				CODE_SIGN_STYLE = Automatic;
				CURRENT_PROJECT_VERSION = 1;
				DEVELOPMENT_ASSET_PATHS = "\"noexist/Preview Content\"";
				DEVELOPMENT_TEAM = TZ2PV25ZC8;
				ENABLE_PREVIEWS = YES;
				GENERATE_INFOPLIST_FILE = YES;
				INFOPLIST_KEY_NSPhotoLibraryAddUsageDescription = "We need your authorization to save rendered image.";
				INFOPLIST_KEY_UIApplicationSceneManifest_Generation = YES;
				INFOPLIST_KEY_UIApplicationSupportsIndirectInputEvents = YES;
				INFOPLIST_KEY_UILaunchScreen_Generation = YES;
				INFOPLIST_KEY_UISupportedInterfaceOrientations_iPad = "UIInterfaceOrientationPortrait UIInterfaceOrientationPortraitUpsideDown UIInterfaceOrientationLandscapeLeft UIInterfaceOrientationLandscapeRight";
				INFOPLIST_KEY_UISupportedInterfaceOrientations_iPhone = "UIInterfaceOrientationPortrait UIInterfaceOrientationLandscapeLeft UIInterfaceOrientationLandscapeRight";
				LD_RUNPATH_SEARCH_PATHS = (
					"$(inherited)",
					"@executable_path/Frameworks",
				);
				MARKETING_VERSION = 1.0;
				PRODUCT_BUNDLE_IDENTIFIER = com.escff.noexist;
				PRODUCT_NAME = "$(TARGET_NAME)";
				SWIFT_EMIT_LOC_STRINGS = YES;
				SWIFT_VERSION = 5.0;
				TARGETED_DEVICE_FAMILY = "1,2";
			};
			name = Debug;
		};
		BF81C9C52ABA9657007AE434 /* Release */ = {
			isa = XCBuildConfiguration;
			buildSettings = {
				ASSETCATALOG_COMPILER_APPICON_NAME = AppIcon;
				ASSETCATALOG_COMPILER_GLOBAL_ACCENT_COLOR_NAME = AccentColor;
				CODE_SIGN_STYLE = Automatic;
				CURRENT_PROJECT_VERSION = 1;
				DEVELOPMENT_ASSET_PATHS = "\"noexist/Preview Content\"";
				DEVELOPMENT_TEAM = TZ2PV25ZC8;
				ENABLE_PREVIEWS = YES;
				GENERATE_INFOPLIST_FILE = YES;
				INFOPLIST_KEY_NSPhotoLibraryAddUsageDescription = "We need your authorization to save rendered image.";
				INFOPLIST_KEY_UIApplicationSceneManifest_Generation = YES;
				INFOPLIST_KEY_UIApplicationSupportsIndirectInputEvents = YES;
				INFOPLIST_KEY_UILaunchScreen_Generation = YES;
				INFOPLIST_KEY_UISupportedInterfaceOrientations_iPad = "UIInterfaceOrientationPortrait UIInterfaceOrientationPortraitUpsideDown UIInterfaceOrientationLandscapeLeft UIInterfaceOrientationLandscapeRight";
				INFOPLIST_KEY_UISupportedInterfaceOrientations_iPhone = "UIInterfaceOrientationPortrait UIInterfaceOrientationLandscapeLeft UIInterfaceOrientationLandscapeRight";
				LD_RUNPATH_SEARCH_PATHS = (
					"$(inherited)",
					"@executable_path/Frameworks",
				);
				MARKETING_VERSION = 1.0;
				PRODUCT_BUNDLE_IDENTIFIER = com.escff.noexist;
				PRODUCT_NAME = "$(TARGET_NAME)";
				SWIFT_EMIT_LOC_STRINGS = YES;
				SWIFT_VERSION = 5.0;
				TARGETED_DEVICE_FAMILY = "1,2";
			};
			name = Release;
		};
		BF81C9C72ABA9657007AE434 /* Debug */ = {
			isa = XCBuildConfiguration;
			buildSettings = {
				ALWAYS_EMBED_SWIFT_STANDARD_LIBRARIES = YES;
				BUNDLE_LOADER = "$(TEST_HOST)";
				CODE_SIGN_STYLE = Automatic;
				CURRENT_PROJECT_VERSION = 1;
				DEVELOPMENT_TEAM = TZ2PV25ZC8;
				GENERATE_INFOPLIST_FILE = YES;
				IPHONEOS_DEPLOYMENT_TARGET = 17.0;
				MARKETING_VERSION = 1.0;
				PRODUCT_BUNDLE_IDENTIFIER = com.escff.noexistTests;
				PRODUCT_NAME = "$(TARGET_NAME)";
				SWIFT_EMIT_LOC_STRINGS = NO;
				SWIFT_VERSION = 5.0;
				TARGETED_DEVICE_FAMILY = "1,2";
				TEST_HOST = "$(BUILT_PRODUCTS_DIR)/noexist.app/$(BUNDLE_EXECUTABLE_FOLDER_PATH)/noexist";
			};
			name = Debug;
		};
		BF81C9C82ABA9657007AE434 /* Release */ = {
			isa = XCBuildConfiguration;
			buildSettings = {
				ALWAYS_EMBED_SWIFT_STANDARD_LIBRARIES = YES;
				BUNDLE_LOADER = "$(TEST_HOST)";
				CODE_SIGN_STYLE = Automatic;
				CURRENT_PROJECT_VERSION = 1;
				DEVELOPMENT_TEAM = TZ2PV25ZC8;
				GENERATE_INFOPLIST_FILE = YES;
				IPHONEOS_DEPLOYMENT_TARGET = 17.0;
				MARKETING_VERSION = 1.0;
				PRODUCT_BUNDLE_IDENTIFIER = com.escff.noexistTests;
				PRODUCT_NAME = "$(TARGET_NAME)";
				SWIFT_EMIT_LOC_STRINGS = NO;
				SWIFT_VERSION = 5.0;
				TARGETED_DEVICE_FAMILY = "1,2";
				TEST_HOST = "$(BUILT_PRODUCTS_DIR)/noexist.app/$(BUNDLE_EXECUTABLE_FOLDER_PATH)/noexist";
			};
			name = Release;
		};
		BF81C9CA2ABA9657007AE434 /* Debug */ = {
			isa = XCBuildConfiguration;
			buildSettings = {
				ALWAYS_EMBED_SWIFT_STANDARD_LIBRARIES = YES;
				CODE_SIGN_STYLE = Automatic;
				CURRENT_PROJECT_VERSION = 1;
				DEVELOPMENT_TEAM = TZ2PV25ZC8;
				GENERATE_INFOPLIST_FILE = YES;
				MARKETING_VERSION = 1.0;
				PRODUCT_BUNDLE_IDENTIFIER = com.escff.noexistUITests;
				PRODUCT_NAME = "$(TARGET_NAME)";
				SWIFT_EMIT_LOC_STRINGS = NO;
				SWIFT_VERSION = 5.0;
				TARGETED_DEVICE_FAMILY = "1,2";
				TEST_TARGET_NAME = noexist;
			};
			name = Debug;
		};
		BF81C9CB2ABA9657007AE434 /* Release */ = {
			isa = XCBuildConfiguration;
			buildSettings = {
				ALWAYS_EMBED_SWIFT_STANDARD_LIBRARIES = YES;
				CODE_SIGN_STYLE = Automatic;
				CURRENT_PROJECT_VERSION = 1;
				DEVELOPMENT_TEAM = TZ2PV25ZC8;
				GENERATE_INFOPLIST_FILE = YES;
				MARKETING_VERSION = 1.0;
				PRODUCT_BUNDLE_IDENTIFIER = com.escff.noexistUITests;
				PRODUCT_NAME = "$(TARGET_NAME)";
				SWIFT_EMIT_LOC_STRINGS = NO;
				SWIFT_VERSION = 5.0;
				TARGETED_DEVICE_FAMILY = "1,2";
				TEST_TARGET_NAME = noexist;
			};
			name = Release;
		};
/* End XCBuildConfiguration section */

/* Begin XCConfigurationList section */
		BF81C99A2ABA9656007AE434 /* Build configuration list for PBXProject "noexist" */ = {
			isa = XCConfigurationList;
			buildConfigurations = (
				BF81C9C12ABA9657007AE434 /* Debug */,
				BF81C9C22ABA9657007AE434 /* Release */,
			);
			defaultConfigurationIsVisible = 0;
			defaultConfigurationName = Release;
		};
		BF81C9C32ABA9657007AE434 /* Build configuration list for PBXNativeTarget "noexist" */ = {
			isa = XCConfigurationList;
			buildConfigurations = (
				BF81C9C42ABA9657007AE434 /* Debug */,
				BF81C9C52ABA9657007AE434 /* Release */,
			);
			defaultConfigurationIsVisible = 0;
			defaultConfigurationName = Release;
		};
		BF81C9C62ABA9657007AE434 /* Build configuration list for PBXNativeTarget "noexistTests" */ = {
			isa = XCConfigurationList;
			buildConfigurations = (
				BF81C9C72ABA9657007AE434 /* Debug */,
				BF81C9C82ABA9657007AE434 /* Release */,
			);
			defaultConfigurationIsVisible = 0;
			defaultConfigurationName = Release;
		};
		BF81C9C92ABA9657007AE434 /* Build configuration list for PBXNativeTarget "noexistUITests" */ = {
			isa = XCConfigurationList;
			buildConfigurations = (
				BF81C9CA2ABA9657007AE434 /* Debug */,
				BF81C9CB2ABA9657007AE434 /* Release */,
			);
			defaultConfigurationIsVisible = 0;
			defaultConfigurationName = Release;
		};
/* End XCConfigurationList section */
	};
	rootObject = BF81C9972ABA9656007AE434 /* Project object */;
}
